
Microsoft Visual Studio Solution File, Format Version 12.00
# Visual Studio Version 16
VisualStudioVersion = 16.0.30804.86
MinimumVisualStudioVersion = 10.0.40219.1
Project("{9A19103F-16F7-4668-BE54-9A1E7A4F7556}") = "PoC-RfcDomainException.ApiHost", "PoC-RfcDomainException.ApiHost\PoC-RfcDomainException.ApiHost.csproj", "{F8F79E53-9DC7-4C42-9DF7-978780C91810}"
EndProject
Project("{2150E333-8FDC-42A3-9474-1A3956D46DE8}") = "Contracts", "Contracts", "{6BE97965-B570-4D46-BCE4-5C01F55354B4}"
EndProject
Project("{9A19103F-16F7-4668-BE54-9A1E7A4F7556}") = "PoC-RfcDomainException.Database", "PoC-RfcDomainException.Database\PoC-RfcDomainException.Database.csproj", "{11615471-C20D-4F80-951D-D9669417CFA1}"
EndProject
Project("{9A19103F-16F7-4668-BE54-9A1E7A4F7556}") = "PoC-RfcDomainException.Database.Contract", "PoC-RfcDomainException.Database.Contract\PoC-RfcDomainException.Database.Contract.csproj", "{117A4FE1-146D-4E63-AC97-345404CE1835}"
EndProject
Project("{9A19103F-16F7-4668-BE54-9A1E7A4F7556}") = "PoC-RfcDomainException.Domain.Contract", "PoC-RfcDomainException.Domain.Contract\PoC-RfcDomainException.Domain.Contract.csproj", "{9570E72D-64EA-46BB-841D-71F4B4B43AB9}"
EndProject
Project("{9A19103F-16F7-4668-BE54-9A1E7A4F7556}") = "PoC-RfcDomainException.Domain", "PoC-RfcDomainException.Domain\PoC-RfcDomainException.Domain.csproj", "{9646EEE7-5865-4243-A3B0-BEA9AB24AECF}"
EndProject
Project("{2150E333-8FDC-42A3-9474-1A3956D46DE8}") = "Libs", "Libs", "{BFEF027F-EA7C-4418-81FD-D613CC553ADD}"
EndProject
Project("{FAE04EC0-301F-11D3-BF4B-00C04F79EFBC}") = "NxtPort.Lib.ExceptionHandling", "NxtPort.Lib.ExceptionHandling\NxtPort.Lib.ExceptionHandling.csproj", "{316921F2-992D-4479-8D54-2150BB1A1962}"
EndProject
Project("{FAE04EC0-301F-11D3-BF4B-00C04F79EFBC}") = "NxtPort.Lib.Exceptions", "NxtPort.Lib.Exceptions\NxtPort.Lib.Exceptions.csproj", "{C230A733-3CFB-435C-9AA6-3647F05A051D}"
EndProject
Global
	GlobalSection(SolutionConfigurationPlatforms) = preSolution
		Debug|Any CPU = Debug|Any CPU
		Release|Any CPU = Release|Any CPU
	EndGlobalSection
	GlobalSection(ProjectConfigurationPlatforms) = postSolution
		{F8F79E53-9DC7-4C42-9DF7-978780C91810}.Debug|Any CPU.ActiveCfg = Debug|Any CPU
		{F8F79E53-9DC7-4C42-9DF7-978780C91810}.Debug|Any CPU.Build.0 = Debug|Any CPU
		{F8F79E53-9DC7-4C42-9DF7-978780C91810}.Release|Any CPU.ActiveCfg = Release|Any CPU
		{F8F79E53-9DC7-4C42-9DF7-978780C91810}.Release|Any CPU.Build.0 = Release|Any CPU
		{11615471-C20D-4F80-951D-D9669417CFA1}.Debug|Any CPU.ActiveCfg = Debug|Any CPU
		{11615471-C20D-4F80-951D-D9669417CFA1}.Debug|Any CPU.Build.0 = Debug|Any CPU
		{11615471-C20D-4F80-951D-D9669417CFA1}.Release|Any CPU.ActiveCfg = Release|Any CPU
		{11615471-C20D-4F80-951D-D9669417CFA1}.Release|Any CPU.Build.0 = Release|Any CPU
		{117A4FE1-146D-4E63-AC97-345404CE1835}.Debug|Any CPU.ActiveCfg = Debug|Any CPU
		{117A4FE1-146D-4E63-AC97-345404CE1835}.Debug|Any CPU.Build.0 = Debug|Any CPU
		{117A4FE1-146D-4E63-AC97-345404CE1835}.Release|Any CPU.ActiveCfg = Release|Any CPU
		{117A4FE1-146D-4E63-AC97-345404CE1835}.Release|Any CPU.Build.0 = Release|Any CPU
		{9570E72D-64EA-46BB-841D-71F4B4B43AB9}.Debug|Any CPU.ActiveCfg = Debug|Any CPU
		{9570E72D-64EA-46BB-841D-71F4B4B43AB9}.Debug|Any CPU.Build.0 = Debug|Any CPU
		{9570E72D-64EA-46BB-841D-71F4B4B43AB9}.Release|Any CPU.ActiveCfg = Release|Any CPU
		{9570E72D-64EA-46BB-841D-71F4B4B43AB9}.Release|Any CPU.Build.0 = Release|Any CPU
		{9646EEE7-5865-4243-A3B0-BEA9AB24AECF}.Debug|Any CPU.ActiveCfg = Debug|Any CPU
		{9646EEE7-5865-4243-A3B0-BEA9AB24AECF}.Debug|Any CPU.Build.0 = Debug|Any CPU
		{9646EEE7-5865-4243-A3B0-BEA9AB24AECF}.Release|Any CPU.ActiveCfg = Release|Any CPU
		{9646EEE7-5865-4243-A3B0-BEA9AB24AECF}.Release|Any CPU.Build.0 = Release|Any CPU
		{316921F2-992D-4479-8D54-2150BB1A1962}.Debug|Any CPU.ActiveCfg = Debug|Any CPU
		{316921F2-992D-4479-8D54-2150BB1A1962}.Debug|Any CPU.Build.0 = Debug|Any CPU
		{316921F2-992D-4479-8D54-2150BB1A1962}.Release|Any CPU.ActiveCfg = Release|Any CPU
		{316921F2-992D-4479-8D54-2150BB1A1962}.Release|Any CPU.Build.0 = Release|Any CPU
		{C230A733-3CFB-435C-9AA6-3647F05A051D}.Debug|Any CPU.ActiveCfg = Debug|Any CPU
		{C230A733-3CFB-435C-9AA6-3647F05A051D}.Debug|Any CPU.Build.0 = Debug|Any CPU
		{C230A733-3CFB-435C-9AA6-3647F05A051D}.Release|Any CPU.ActiveCfg = Release|Any CPU
		{C230A733-3CFB-435C-9AA6-3647F05A051D}.Release|Any CPU.Build.0 = Release|Any CPU
	EndGlobalSection
	GlobalSection(SolutionProperties) = preSolution
		HideSolutionNode = FALSE
	EndGlobalSection
	GlobalSection(NestedProjects) = preSolution
		{117A4FE1-146D-4E63-AC97-345404CE1835} = {6BE97965-B570-4D46-BCE4-5C01F55354B4}
		{9570E72D-64EA-46BB-841D-71F4B4B43AB9} = {6BE97965-B570-4D46-BCE4-5C01F55354B4}
		{316921F2-992D-4479-8D54-2150BB1A1962} = {BFEF027F-EA7C-4418-81FD-D613CC553ADD}
		{C230A733-3CFB-435C-9AA6-3647F05A051D} = {BFEF027F-EA7C-4418-81FD-D613CC553ADD}
	EndGlobalSection
	GlobalSection(ExtensibilityGlobals) = postSolution
		SolutionGuid = {7ABF2A30-82B3-49F1-8CF9-D34FF3A92B6A}
	EndGlobalSection
EndGlobal
